
Microsoft Visual Studio Solution File, Format Version 12.00
# Visual Studio 15
VisualStudioVersion = 15.0.28307.1525
MinimumVisualStudioVersion = 10.0.40219.1
Project("{FAE04EC0-301F-11D3-BF4B-00C04F79EFBC}") = "garcia5", "garcia5\garcia5.csproj", "{E3AB3235-F3D4-4B4D-9DBC-73C13E685E62}"
EndProject
Global
	GlobalSection(SolutionConfigurationPlatforms) = preSolution
		Debug|Any CPU = Debug|Any CPU
		Release|Any CPU = Release|Any CPU
	EndGlobalSection
	GlobalSection(ProjectConfigurationPlatforms) = postSolution
		{E3AB3235-F3D4-4B4D-9DBC-73C13E685E62}.Debug|Any CPU.ActiveCfg = Debug|Any CPU
		{E3AB3235-F3D4-4B4D-9DBC-73C13E685E62}.Debug|Any CPU.Build.0 = Debug|Any CPU
		{E3AB3235-F3D4-4B4D-9DBC-73C13E685E62}.Release|Any CPU.ActiveCfg = Release|Any CPU
		{E3AB3235-F3D4-4B4D-9DBC-73C13E685E62}.Release|Any CPU.Build.0 = Release|Any CPU
	EndGlobalSection
	GlobalSection(SolutionProperties) = preSolution
		HideSolutionNode = FALSE
	EndGlobalSection
	GlobalSection(ExtensibilityGlobals) = postSolution
		SolutionGuid = {128227FD-1FBF-4BAE-8032-9401D09F5198}
	EndGlobalSection
EndGlobal
